github.com/creachadair/jrpc2 v1.2.1 h1:eIgmguoqLbEjn4Pb/XYMg5U1PhVpAClGdhI/Q4gfC5o=
github.com/creachadair/jrpc2 v1.2.1/go.mod h1:RvEKAYVpDBKn3YWlTVQJIFmxG5GuLD7ztp9FMTJx8eI=
github.com/creachadair/mds v0.16.0 h1:v6DlvKXClowXFg4hkjLCR1FEFiREMf0qgX+Lm5GsEKk=
github.com/creachadair/mds v0.16.0/go.mod h1:4vrFYUzTXMJpMBU+OA292I6IUxKWCCfZkgXg+/kBZMo=
github.com/sourcegraph/go-lsp v0.0.0-20240223163137-f80c5dd31dfd h1:Dq5WSzWsP1TbVi10zPWBI5LKEBDg4Y1OhWEph1wr5WQ=
github.com/sourcegraph/go-lsp v0.0.0-20240223163137-f80c5dd31dfd/go.mod h1:SULmZY7YNBsvNiQbrb/BEDdEJ84TGnfyUQxaHt8t8rY=
github.com/unLomTrois/gock3 v0.0.0-20240920095049-bb6310905b28 h1:iSrREJNbd1Y1Xk0xguqmuWJVG3qV3v2L983wPqJQQJ8=
github.com/unLomTrois/gock3 v0.0.0-20240920095049-bb6310905b28/go.mod h1:tVQ43JT8PqGt6jA5j83owNy3jWNCLkgrF81PEKAi6cA=
golang.org/x/sync v0.8.0 h1:3NFvSEYkUoMifnESzZl15y791HH1qU2xm6eCJU5ZPXQ=
golang.org/x/sync v0.8.0/go.mod h1:Czt+wKu1gCyEFDUtn0jG5QVvpJ6rzVqr5aXyt9drQfk=
